
Microsoft Visual Studio Solution File, Format Version 12.00
Project("{FAE04EC0-301F-11D3-BF4B-00C04F79EFBC}") = "CsuNavigatorBackend.Api", "CsuNavigatorBackend.Api\CsuNavigatorBackend.Api.csproj", "{88CE951D-ABE9-447B-A28E-1BA72171CE17}"
EndProject
Global
	GlobalSection(SolutionConfigurationPlatforms) = preSolution
		Debug|Any CPU = Debug|Any CPU
		Release|Any CPU = Release|Any CPU
	EndGlobalSection
	GlobalSection(ProjectConfigurationPlatforms) = postSolution
		{88CE951D-ABE9-447B-A28E-1BA72171CE17}.Debug|Any CPU.ActiveCfg = Debug|Any CPU
		{88CE951D-ABE9-447B-A28E-1BA72171CE17}.Debug|Any CPU.Build.0 = Debug|Any CPU
		{88CE951D-ABE9-447B-A28E-1BA72171CE17}.Release|Any CPU.ActiveCfg = Release|Any CPU
		{88CE951D-ABE9-447B-A28E-1BA72171CE17}.Release|Any CPU.Build.0 = Release|Any CPU
	EndGlobalSection
EndGlobal
